// !$*UTF8*$!
{
	archiveVersion = 1;
	classes = {
	};
	objectVersion = 51;
	objects = {

/* Begin PBXBuildFile section */
		0819D1BD2300CCE900C91B5C /* Global parameters.swift in Sources */ = {isa = PBXBuildFile; fileRef = 0819D1BC2300CCE900C91B5C /* Global parameters.swift */; };
		0819D1BF2301D87200C91B5C /* setup_data.swift in Sources */ = {isa = PBXBuildFile; fileRef = 0819D1BE2301D87200C91B5C /* setup_data.swift */; };
		0819D1C12301D9A700C91B5C /* History object.swift in Sources */ = {isa = PBXBuildFile; fileRef = 0819D1C02301D9A700C91B5C /* History object.swift */; };
		0819D1F4230ABB9A00C91B5C /* SocialVC.swift in Sources */ = {isa = PBXBuildFile; fileRef = 0819D1F3230ABB9A00C91B5C /* SocialVC.swift */; };
		0819D1F7230B140600C91B5C /* Kinds of Achievements.swift in Sources */ = {isa = PBXBuildFile; fileRef = 0819D1F6230B140600C91B5C /* Kinds of Achievements.swift */; };
		08359D6522EB5A2900468B88 /* normal_electric_consumption.swift in Sources */ = {isa = PBXBuildFile; fileRef = 08359D6422EB5A2900468B88 /* normal_electric_consumption.swift */; };
		08359D6722EB5A5100468B88 /* HouseType.swift in Sources */ = {isa = PBXBuildFile; fileRef = 08359D6622EB5A5100468B88 /* HouseType.swift */; };
		083DEC0722EE065C00488A88 /* String extension.swift in Sources */ = {isa = PBXBuildFile; fileRef = 083DEC0622EE065C00488A88 /* String extension.swift */; };
		086B1AF322F2E9A8005417C5 /* Colors.xcassets in Resources */ = {isa = PBXBuildFile; fileRef = 086B1AF222F2E9A8005417C5 /* Colors.xcassets */; };
		086B1AF622F46574005417C5 /* Amount saved.swift in Sources */ = {isa = PBXBuildFile; fileRef = 086B1AF522F46574005417C5 /* Amount saved.swift */; };
		086F551F22E4CA9A0042CFD7 /* AppDelegate.swift in Sources */ = {isa = PBXBuildFile; fileRef = 086F551E22E4CA9A0042CFD7 /* AppDelegate.swift */; };
		086F552122E4CA9A0042CFD7 /* HomeScreenVC.swift in Sources */ = {isa = PBXBuildFile; fileRef = 086F552022E4CA9A0042CFD7 /* HomeScreenVC.swift */; };
		086F552322E4CA9A0042CFD7 /* HistoryElectricityConsumptionVC.swift in Sources */ = {isa = PBXBuildFile; fileRef = 086F552222E4CA9A0042CFD7 /* HistoryElectricityConsumptionVC.swift */; };
		086F552622E4CA9A0042CFD7 /* Main.storyboard in Resources */ = {isa = PBXBuildFile; fileRef = 086F552422E4CA9A0042CFD7 /* Main.storyboard */; };
		086F552822E4CA9B0042CFD7 /* Icons.xcassets in Resources */ = {isa = PBXBuildFile; fileRef = 086F552722E4CA9B0042CFD7 /* Icons.xcassets */; };
		086F552B22E4CA9B0042CFD7 /* LaunchScreen.storyboard in Resources */ = {isa = PBXBuildFile; fileRef = 086F552922E4CA9B0042CFD7 /* LaunchScreen.storyboard */; };
		086F553622E4CA9B0042CFD7 /* NudgedTests.swift in Sources */ = {isa = PBXBuildFile; fileRef = 086F553522E4CA9B0042CFD7 /* NudgedTests.swift */; };
		0874D33C2313DDC400533D22 /* polar_bears.png in Resources */ = {isa = PBXBuildFile; fileRef = 0874D33B2313DDC400533D22 /* polar_bears.png */; };
		0874D33F23150C9000533D22 /* nudged_big.jpg in Resources */ = {isa = PBXBuildFile; fileRef = 0874D33E23150C9000533D22 /* nudged_big.jpg */; };
		0876737A231A8F680086B33B /* label_height.swift in Sources */ = {isa = PBXBuildFile; fileRef = 08767379231A8F680086B33B /* label_height.swift */; };
		087843CD22E4CFCF00988CE9 /* GoogleService-Info.plist in Resources */ = {isa = PBXBuildFile; fileRef = 087843CC22E4CFCF00988CE9 /* GoogleService-Info.plist */; };
		087843CE22E4CFCF00988CE9 /* GoogleService-Info.plist in Resources */ = {isa = PBXBuildFile; fileRef = 087843CC22E4CFCF00988CE9 /* GoogleService-Info.plist */; };
		087843D122E4D14F00988CE9 /* read_user_information.swift in Sources */ = {isa = PBXBuildFile; fileRef = 087843D022E4D14F00988CE9 /* read_user_information.swift */; };
		087843D222E4D14F00988CE9 /* read_user_information.swift in Sources */ = {isa = PBXBuildFile; fileRef = 087843D022E4D14F00988CE9 /* read_user_information.swift */; };
		087843D522E4D23800988CE9 /* HouseDetails.swift in Sources */ = {isa = PBXBuildFile; fileRef = 087843D422E4D23800988CE9 /* HouseDetails.swift */; };
		087843D622E4D23800988CE9 /* HouseDetails.swift in Sources */ = {isa = PBXBuildFile; fileRef = 087843D422E4D23800988CE9 /* HouseDetails.swift */; };
		087843D822E4D2F800988CE9 /* MapKit.framework in Frameworks */ = {isa = PBXBuildFile; fileRef = 087843D722E4D2F800988CE9 /* MapKit.framework */; };
		0889F0512322EAF8006B776E /* SettingsVC.swift in Sources */ = {isa = PBXBuildFile; fileRef = 0889F0502322EAF8006B776E /* SettingsVC.swift */; };
		08C340BA22E77500008D9ED6 /* compare_house_consumption_to_houses_with_same_postal_code.swift in Sources */ = {isa = PBXBuildFile; fileRef = 08C340B922E77500008D9ED6 /* compare_house_consumption_to_houses_with_same_postal_code.swift */; };
		08FC91E222EB5C74002DABBF /* StartupVC.swift in Sources */ = {isa = PBXBuildFile; fileRef = 08FC91E122EB5C74002DABBF /* StartupVC.swift */; };
		08FC91E422EB60FE002DABBF /* make_button_inverted.swift in Sources */ = {isa = PBXBuildFile; fileRef = 08FC91E322EB60FE002DABBF /* make_button_inverted.swift */; };
		08FC91E622EB6615002DABBF /* UserDefaults keys.swift in Sources */ = {isa = PBXBuildFile; fileRef = 08FC91E522EB6615002DABBF /* UserDefaults keys.swift */; };
		08FC91E822EB6A75002DABBF /* fading_animations.swift in Sources */ = {isa = PBXBuildFile; fileRef = 08FC91E722EB6A75002DABBF /* fading_animations.swift */; };
		08FC91EA22EB6EB6002DABBF /* create_alert_view.swift in Sources */ = {isa = PBXBuildFile; fileRef = 08FC91E922EB6EB6002DABBF /* create_alert_view.swift */; };
		32D3FAC5668255D40CB05449 /* Pods_Nudged.framework in Frameworks */ = {isa = PBXBuildFile; fileRef = 0FE1066E9878648901240DC6 /* Pods_Nudged.framework */; };
/* End PBXBuildFile section */

/* Begin PBXContainerItemProxy section */
		086F553222E4CA9B0042CFD7 /* PBXContainerItemProxy */ = {
			isa = PBXContainerItemProxy;
			containerPortal = 086F551322E4CA9A0042CFD7 /* Project object */;
			proxyType = 1;
			remoteGlobalIDString = 086F551A22E4CA9A0042CFD7;
			remoteInfo = Nudged;
		};
/* End PBXContainerItemProxy section */

/* Begin PBXFileReference section */
		0819D1BC2300CCE900C91B5C /* Global parameters.swift */ = {isa = PBXFileReference; lastKnownFileType = sourcecode.swift; path = "Global parameters.swift"; sourceTree = "<group>"; };
		0819D1BE2301D87200C91B5C /* setup_data.swift */ = {isa = PBXFileReference; lastKnownFileType = sourcecode.swift; path = setup_data.swift; sourceTree = "<group>"; };
		0819D1C02301D9A700C91B5C /* History object.swift */ = {isa = PBXFileReference; lastKnownFileType = sourcecode.swift; path = "History object.swift"; sourceTree = "<group>"; };
		0819D1F3230ABB9A00C91B5C /* SocialVC.swift */ = {isa = PBXFileReference; lastKnownFileType = sourcecode.swift; path = SocialVC.swift; sourceTree = "<group>"; };
		0819D1F6230B140600C91B5C /* Kinds of Achievements.swift */ = {isa = PBXFileReference; lastKnownFileType = sourcecode.swift; path = "Kinds of Achievements.swift"; sourceTree = "<group>"; };
		08359D6422EB5A2900468B88 /* normal_electric_consumption.swift */ = {isa = PBXFileReference; lastKnownFileType = sourcecode.swift; path = normal_electric_consumption.swift; sourceTree = "<group>"; };
		08359D6622EB5A5100468B88 /* HouseType.swift */ = {isa = PBXFileReference; lastKnownFileType = sourcecode.swift; path = HouseType.swift; sourceTree = "<group>"; };
		083DEC0622EE065C00488A88 /* String extension.swift */ = {isa = PBXFileReference; lastKnownFileType = sourcecode.swift; path = "String extension.swift"; sourceTree = "<group>"; };
		086B1AF222F2E9A8005417C5 /* Colors.xcassets */ = {isa = PBXFileReference; lastKnownFileType = folder.assetcatalog; path = Colors.xcassets; sourceTree = "<group>"; };
		086B1AF522F46574005417C5 /* Amount saved.swift */ = {isa = PBXFileReference; lastKnownFileType = sourcecode.swift; path = "Amount saved.swift"; sourceTree = "<group>"; };
		086F551B22E4CA9A0042CFD7 /* Nudged.app */ = {isa = PBXFileReference; explicitFileType = wrapper.application; includeInIndex = 0; path = Nudged.app; sourceTree = BUILT_PRODUCTS_DIR; };
		086F551E22E4CA9A0042CFD7 /* AppDelegate.swift */ = {isa = PBXFileReference; lastKnownFileType = sourcecode.swift; path = AppDelegate.swift; sourceTree = "<group>"; };
		086F552022E4CA9A0042CFD7 /* HomeScreenVC.swift */ = {isa = PBXFileReference; lastKnownFileType = sourcecode.swift; path = HomeScreenVC.swift; sourceTree = "<group>"; };
		086F552222E4CA9A0042CFD7 /* HistoryElectricityConsumptionVC.swift */ = {isa = PBXFileReference; lastKnownFileType = sourcecode.swift; path = HistoryElectricityConsumptionVC.swift; sourceTree = "<group>"; };
		086F552522E4CA9A0042CFD7 /* Base */ = {isa = PBXFileReference; lastKnownFileType = file.storyboard; name = Base; path = Base.lproj/Main.storyboard; sourceTree = "<group>"; };
		086F552722E4CA9B0042CFD7 /* Icons.xcassets */ = {isa = PBXFileReference; lastKnownFileType = folder.assetcatalog; path = Icons.xcassets; sourceTree = "<group>"; };
		086F552A22E4CA9B0042CFD7 /* Base */ = {isa = PBXFileReference; lastKnownFileType = file.storyboard; name = Base; path = Base.lproj/LaunchScreen.storyboard; sourceTree = "<group>"; };
		086F552C22E4CA9B0042CFD7 /* Info.plist */ = {isa = PBXFileReference; lastKnownFileType = text.plist.xml; path = Info.plist; sourceTree = "<group>"; };
		086F553122E4CA9B0042CFD7 /* NudgedTests.xctest */ = {isa = PBXFileReference; explicitFileType = wrapper.cfbundle; includeInIndex = 0; path = NudgedTests.xctest; sourceTree = BUILT_PRODUCTS_DIR; };
		086F553522E4CA9B0042CFD7 /* NudgedTests.swift */ = {isa = PBXFileReference; lastKnownFileType = sourcecode.swift; path = NudgedTests.swift; sourceTree = "<group>"; };
		086F553722E4CA9B0042CFD7 /* Info.plist */ = {isa = PBXFileReference; lastKnownFileType = text.plist.xml; path = Info.plist; sourceTree = "<group>"; };
		0874D33B2313DDC400533D22 /* polar_bears.png */ = {isa = PBXFileReference; lastKnownFileType = image.png; path = polar_bears.png; sourceTree = "<group>"; };
		0874D33E23150C9000533D22 /* nudged_big.jpg */ = {isa = PBXFileReference; lastKnownFileType = image.jpeg; path = nudged_big.jpg; sourceTree = "<group>"; };
		08767379231A8F680086B33B /* label_height.swift */ = {isa = PBXFileReference; lastKnownFileType = sourcecode.swift; path = label_height.swift; sourceTree = "<group>"; };
		087843CC22E4CFCF00988CE9 /* GoogleService-Info.plist */ = {isa = PBXFileReference; fileEncoding = 4; lastKnownFileType = text.plist.xml; path = "GoogleService-Info.plist"; sourceTree = "<group>"; };
		087843D022E4D14F00988CE9 /* read_user_information.swift */ = {isa = PBXFileReference; lastKnownFileType = sourcecode.swift; path = read_user_information.swift; sourceTree = "<group>"; };
		087843D422E4D23800988CE9 /* HouseDetails.swift */ = {isa = PBXFileReference; lastKnownFileType = sourcecode.swift; path = HouseDetails.swift; sourceTree = "<group>"; };
		087843D722E4D2F800988CE9 /* MapKit.framework */ = {isa = PBXFileReference; lastKnownFileType = wrapper.framework; name = MapKit.framework; path = System/Library/Frameworks/MapKit.framework; sourceTree = SDKROOT; };
		0889F0502322EAF8006B776E /* SettingsVC.swift */ = {isa = PBXFileReference; lastKnownFileType = sourcecode.swift; path = SettingsVC.swift; sourceTree = "<group>"; };
		08C340B922E77500008D9ED6 /* compare_house_consumption_to_houses_with_same_postal_code.swift */ = {isa = PBXFileReference; lastKnownFileType = sourcecode.swift; path = compare_house_consumption_to_houses_with_same_postal_code.swift; sourceTree = "<group>"; };
		08FC91E122EB5C74002DABBF /* StartupVC.swift */ = {isa = PBXFileReference; lastKnownFileType = sourcecode.swift; path = StartupVC.swift; sourceTree = "<group>"; };
		08FC91E322EB60FE002DABBF /* make_button_inverted.swift */ = {isa = PBXFileReference; lastKnownFileType = sourcecode.swift; path = make_button_inverted.swift; sourceTree = "<group>"; };
		08FC91E522EB6615002DABBF /* UserDefaults keys.swift */ = {isa = PBXFileReference; lastKnownFileType = sourcecode.swift; path = "UserDefaults keys.swift"; sourceTree = "<group>"; };
		08FC91E722EB6A75002DABBF /* fading_animations.swift */ = {isa = PBXFileReference; lastKnownFileType = sourcecode.swift; path = fading_animations.swift; sourceTree = "<group>"; };
		08FC91E922EB6EB6002DABBF /* create_alert_view.swift */ = {isa = PBXFileReference; lastKnownFileType = sourcecode.swift; path = create_alert_view.swift; sourceTree = "<group>"; };
		0FE1066E9878648901240DC6 /* Pods_Nudged.framework */ = {isa = PBXFileReference; explicitFileType = wrapper.framework; includeInIndex = 0; path = Pods_Nudged.framework; sourceTree = BUILT_PRODUCTS_DIR; };
		BE3E0577BF8BF2D7E77DD23E /* Pods-Nudged.debug.xcconfig */ = {isa = PBXFileReference; includeInIndex = 1; lastKnownFileType = text.xcconfig; name = "Pods-Nudged.debug.xcconfig"; path = "Target Support Files/Pods-Nudged/Pods-Nudged.debug.xcconfig"; sourceTree = "<group>"; };
		D2799A5F0D204AB18286AB91 /* Pods-Nudged.release.xcconfig */ = {isa = PBXFileReference; includeInIndex = 1; lastKnownFileType = text.xcconfig; name = "Pods-Nudged.release.xcconfig"; path = "Target Support Files/Pods-Nudged/Pods-Nudged.release.xcconfig"; sourceTree = "<group>"; };
/* End PBXFileReference section */

/* Begin PBXFrameworksBuildPhase section */
		086F551822E4CA9A0042CFD7 /* Frameworks */ = {
			isa = PBXFrameworksBuildPhase;
			buildActionMask = 2147483647;
			files = (
				087843D822E4D2F800988CE9 /* MapKit.framework in Frameworks */,
				32D3FAC5668255D40CB05449 /* Pods_Nudged.framework in Frameworks */,
			);
			runOnlyForDeploymentPostprocessing = 0;
		};
		086F552E22E4CA9B0042CFD7 /* Frameworks */ = {
			isa = PBXFrameworksBuildPhase;
			buildActionMask = 2147483647;
			files = (
			);
			runOnlyForDeploymentPostprocessing = 0;
		};
/* End PBXFrameworksBuildPhase section */

/* Begin PBXGroup section */
		00E28AD753CAB655719F1D0B /* Pods */ = {
			isa = PBXGroup;
			children = (
				BE3E0577BF8BF2D7E77DD23E /* Pods-Nudged.debug.xcconfig */,
				D2799A5F0D204AB18286AB91 /* Pods-Nudged.release.xcconfig */,
			);
			path = Pods;
			sourceTree = "<group>";
		};
		0819D1F5230B13E900C91B5C /* Social */ = {
			isa = PBXGroup;
			children = (
				0819D1F3230ABB9A00C91B5C /* SocialVC.swift */,
				0819D1F6230B140600C91B5C /* Kinds of Achievements.swift */,
			);
			path = Social;
			sourceTree = "<group>";
		};
		086B1AF422F46560005417C5 /* Amount saved */ = {
			isa = PBXGroup;
			children = (
				086B1AF522F46574005417C5 /* Amount saved.swift */,
			);
			path = "Amount saved";
			sourceTree = "<group>";
		};
		086F551222E4CA9A0042CFD7 = {
			isa = PBXGroup;
			children = (
				086F551D22E4CA9A0042CFD7 /* Nudged */,
				086F553422E4CA9B0042CFD7 /* NudgedTests */,
				086F551C22E4CA9A0042CFD7 /* Products */,
				00E28AD753CAB655719F1D0B /* Pods */,
				AAD387F76020111A7A513646 /* Frameworks */,
			);
			sourceTree = "<group>";
		};
		086F551C22E4CA9A0042CFD7 /* Products */ = {
			isa = PBXGroup;
			children = (
				086F551B22E4CA9A0042CFD7 /* Nudged.app */,
				086F553122E4CA9B0042CFD7 /* NudgedTests.xctest */,
			);
			name = Products;
			sourceTree = "<group>";
		};
		086F551D22E4CA9A0042CFD7 /* Nudged */ = {
			isa = PBXGroup;
			children = (
				087843DA22E4D40200988CE9 /* iOS */,
				08FC91DD22EB5AF8002DABBF /* Algorithms */,
				087843D922E4D3EC00988CE9 /* UI */,
				08FC91DE22EB5B14002DABBF /* Database */,
			);
			path = Nudged;
			sourceTree = "<group>";
		};
		086F553422E4CA9B0042CFD7 /* NudgedTests */ = {
			isa = PBXGroup;
			children = (
				086F553522E4CA9B0042CFD7 /* NudgedTests.swift */,
				086F553722E4CA9B0042CFD7 /* Info.plist */,
			);
			path = NudgedTests;
			sourceTree = "<group>";
		};
		0874D33D2313E00C00533D22 /* badges */ = {
			isa = PBXGroup;
			children = (
				0874D33B2313DDC400533D22 /* polar_bears.png */,
			);
			path = badges;
			sourceTree = "<group>";
		};
		087843CF22E4D13500988CE9 /* Firestore */ = {
			isa = PBXGroup;
			children = (
				087843CC22E4CFCF00988CE9 /* GoogleService-Info.plist */,
				087843D022E4D14F00988CE9 /* read_user_information.swift */,
			);
			path = Firestore;
			sourceTree = "<group>";
		};
		087843D322E4D21700988CE9 /* Database objects */ = {
			isa = PBXGroup;
			children = (
				087843D422E4D23800988CE9 /* HouseDetails.swift */,
			);
			path = "Database objects";
			sourceTree = "<group>";
		};
		087843D922E4D3EC00988CE9 /* UI */ = {
			isa = PBXGroup;
			children = (
				086F552922E4CA9B0042CFD7 /* LaunchScreen.storyboard */,
				086F552422E4CA9A0042CFD7 /* Main.storyboard */,
				08FC91E122EB5C74002DABBF /* StartupVC.swift */,
				086F552022E4CA9A0042CFD7 /* HomeScreenVC.swift */,
				086F552222E4CA9A0042CFD7 /* HistoryElectricityConsumptionVC.swift */,
				0889F0502322EAF8006B776E /* SettingsVC.swift */,
				0819D1F5230B13E900C91B5C /* Social */,
				08FC91EB22ED9C01002DABBF /* Support */,
			);
			path = UI;
			sourceTree = "<group>";
		};
		087843DA22E4D40200988CE9 /* iOS */ = {
			isa = PBXGroup;
			children = (
				0874D33D2313E00C00533D22 /* badges */,
				086F551E22E4CA9A0042CFD7 /* AppDelegate.swift */,
				086F552C22E4CA9B0042CFD7 /* Info.plist */,
				0874D33E23150C9000533D22 /* nudged_big.jpg */,
				086F552722E4CA9B0042CFD7 /* Icons.xcassets */,
				086B1AF222F2E9A8005417C5 /* Colors.xcassets */,
			);
			path = iOS;
			sourceTree = "<group>";
		};
		08C340B422E7727C008D9ED6 /* Comparison to other houses */ = {
			isa = PBXGroup;
			children = (
				08C340B922E77500008D9ED6 /* compare_house_consumption_to_houses_with_same_postal_code.swift */,
				08359D6422EB5A2900468B88 /* normal_electric_consumption.swift */,
				08359D6622EB5A5100468B88 /* HouseType.swift */,
			);
			path = "Comparison to other houses";
			sourceTree = "<group>";
		};
		08FC91DD22EB5AF8002DABBF /* Algorithms */ = {
			isa = PBXGroup;
			children = (
				086B1AF422F46560005417C5 /* Amount saved */,
				08C340B422E7727C008D9ED6 /* Comparison to other houses */,
				0819D1BC2300CCE900C91B5C /* Global parameters.swift */,
			);
			path = Algorithms;
			sourceTree = "<group>";
		};
		08FC91DE22EB5B14002DABBF /* Database */ = {
			isa = PBXGroup;
			children = (
				0819D1BE2301D87200C91B5C /* setup_data.swift */,
				0819D1C02301D9A700C91B5C /* History object.swift */,
				087843CF22E4D13500988CE9 /* Firestore */,
				087843D322E4D21700988CE9 /* Database objects */,
				08FC91E522EB6615002DABBF /* UserDefaults keys.swift */,
			);
			path = Database;
			sourceTree = "<group>";
		};
		08FC91EB22ED9C01002DABBF /* Support */ = {
			isa = PBXGroup;
			children = (
				08FC91E322EB60FE002DABBF /* make_button_inverted.swift */,
				08767379231A8F680086B33B /* label_height.swift */,
				08FC91E722EB6A75002DABBF /* fading_animations.swift */,
				08FC91E922EB6EB6002DABBF /* create_alert_view.swift */,
				083DEC0622EE065C00488A88 /* String extension.swift */,
			);
			path = Support;
			sourceTree = "<group>";
		};
		AAD387F76020111A7A513646 /* Frameworks */ = {
			isa = PBXGroup;
			children = (
				087843D722E4D2F800988CE9 /* MapKit.framework */,
				0FE1066E9878648901240DC6 /* Pods_Nudged.framework */,
			);
			name = Frameworks;
			sourceTree = "<group>";
		};
/* End PBXGroup section */

/* Begin PBXNativeTarget section */
		086F551A22E4CA9A0042CFD7 /* Nudged */ = {
			isa = PBXNativeTarget;
			buildConfigurationList = 086F553A22E4CA9B0042CFD7 /* Build configuration list for PBXNativeTarget "Nudged" */;
			buildPhases = (
				A80921A8A9128B5421F9FF66 /* [CP] Check Pods Manifest.lock */,
				086F551722E4CA9A0042CFD7 /* Sources */,
				086F551822E4CA9A0042CFD7 /* Frameworks */,
				086F551922E4CA9A0042CFD7 /* Resources */,
				85B58B29AAC6FF3FF1F8A841 /* [CP] Embed Pods Frameworks */,
			);
			buildRules = (
			);
			dependencies = (
			);
			name = Nudged;
			productName = Nudged;
			productReference = 086F551B22E4CA9A0042CFD7 /* Nudged.app */;
			productType = "com.apple.product-type.application";
		};
		086F553022E4CA9B0042CFD7 /* NudgedTests */ = {
			isa = PBXNativeTarget;
			buildConfigurationList = 086F553D22E4CA9B0042CFD7 /* Build configuration list for PBXNativeTarget "NudgedTests" */;
			buildPhases = (
				086F552D22E4CA9B0042CFD7 /* Sources */,
				086F552E22E4CA9B0042CFD7 /* Frameworks */,
				086F552F22E4CA9B0042CFD7 /* Resources */,
			);
			buildRules = (
			);
			dependencies = (
				086F553322E4CA9B0042CFD7 /* PBXTargetDependency */,
			);
			name = NudgedTests;
			productName = NudgedTests;
			productReference = 086F553122E4CA9B0042CFD7 /* NudgedTests.xctest */;
			productType = "com.apple.product-type.bundle.unit-test";
		};
/* End PBXNativeTarget section */

/* Begin PBXProject section */
		086F551322E4CA9A0042CFD7 /* Project object */ = {
			isa = PBXProject;
			attributes = {
				LastSwiftUpdateCheck = 1020;
				LastUpgradeCheck = 1020;
				ORGANIZATIONNAME = "Alexandre Gaubil";
				TargetAttributes = {
					086F551A22E4CA9A0042CFD7 = {
						CreatedOnToolsVersion = 10.2.1;
					};
					086F553022E4CA9B0042CFD7 = {
						CreatedOnToolsVersion = 10.2.1;
						TestTargetID = 086F551A22E4CA9A0042CFD7;
					};
				};
			};
			buildConfigurationList = 086F551622E4CA9A0042CFD7 /* Build configuration list for PBXProject "Nudged" */;
			compatibilityVersion = "Xcode 9.3";
			developmentRegion = en;
			hasScannedForEncodings = 0;
			knownRegions = (
				en,
				Base,
			);
			mainGroup = 086F551222E4CA9A0042CFD7;
			productRefGroup = 086F551C22E4CA9A0042CFD7 /* Products */;
			projectDirPath = "";
			projectRoot = "";
			targets = (
				086F551A22E4CA9A0042CFD7 /* Nudged */,
				086F553022E4CA9B0042CFD7 /* NudgedTests */,
			);
		};
/* End PBXProject section */

/* Begin PBXResourcesBuildPhase section */
		086F551922E4CA9A0042CFD7 /* Resources */ = {
			isa = PBXResourcesBuildPhase;
			buildActionMask = 2147483647;
			files = (
				086B1AF322F2E9A8005417C5 /* Colors.xcassets in Resources */,
				0874D33F23150C9000533D22 /* nudged_big.jpg in Resources */,
				086F552B22E4CA9B0042CFD7 /* LaunchScreen.storyboard in Resources */,
				087843CD22E4CFCF00988CE9 /* GoogleService-Info.plist in Resources */,
				086F552822E4CA9B0042CFD7 /* Icons.xcassets in Resources */,
				0874D33C2313DDC400533D22 /* polar_bears.png in Resources */,
				086F552622E4CA9A0042CFD7 /* Main.storyboard in Resources */,
			);
			runOnlyForDeploymentPostprocessing = 0;
		};
		086F552F22E4CA9B0042CFD7 /* Resources */ = {
			isa = PBXResourcesBuildPhase;
			buildActionMask = 2147483647;
			files = (
				087843CE22E4CFCF00988CE9 /* GoogleService-Info.plist in Resources */,
			);
			runOnlyForDeploymentPostprocessing = 0;
		};
/* End PBXResourcesBuildPhase section */

/* Begin PBXShellScriptBuildPhase section */
		85B58B29AAC6FF3FF1F8A841 /* [CP] Embed Pods Frameworks */ = {
			isa = PBXShellScriptBuildPhase;
			buildActionMask = 2147483647;
			files = (
			);
			inputFileListPaths = (
				"${PODS_ROOT}/Target Support Files/Pods-Nudged/Pods-Nudged-frameworks-${CONFIGURATION}-input-files.xcfilelist",
			);
			name = "[CP] Embed Pods Frameworks";
			outputFileListPaths = (
				"${PODS_ROOT}/Target Support Files/Pods-Nudged/Pods-Nudged-frameworks-${CONFIGURATION}-output-files.xcfilelist",
			);
			runOnlyForDeploymentPostprocessing = 0;
			shellPath = /bin/sh;
			shellScript = "\"${PODS_ROOT}/Target Support Files/Pods-Nudged/Pods-Nudged-frameworks.sh\"\n";
			showEnvVarsInLog = 0;
		};
		A80921A8A9128B5421F9FF66 /* [CP] Check Pods Manifest.lock */ = {
			isa = PBXShellScriptBuildPhase;
			buildActionMask = 2147483647;
			files = (
			);
			inputFileListPaths = (
			);
			inputPaths = (
				"${PODS_PODFILE_DIR_PATH}/Podfile.lock",
				"${PODS_ROOT}/Manifest.lock",
			);
			name = "[CP] Check Pods Manifest.lock";
			outputFileListPaths = (
			);
			outputPaths = (
				"$(DERIVED_FILE_DIR)/Pods-Nudged-checkManifestLockResult.txt",
			);
			runOnlyForDeploymentPostprocessing = 0;
			shellPath = /bin/sh;
			shellScript = "diff \"${PODS_PODFILE_DIR_PATH}/Podfile.lock\" \"${PODS_ROOT}/Manifest.lock\" > /dev/null\nif [ $? != 0 ] ; then\n    # print error to STDERR\n    echo \"error: The sandbox is not in sync with the Podfile.lock. Run 'pod install' or update your CocoaPods installation.\" >&2\n    exit 1\nfi\n# This output is used by Xcode 'outputs' to avoid re-running this script phase.\necho \"SUCCESS\" > \"${SCRIPT_OUTPUT_FILE_0}\"\n";
			showEnvVarsInLog = 0;
		};
/* End PBXShellScriptBuildPhase section */

/* Begin PBXSourcesBuildPhase section */
		086F551722E4CA9A0042CFD7 /* Sources */ = {
			isa = PBXSourcesBuildPhase;
			buildActionMask = 2147483647;
			files = (
				08359D6522EB5A2900468B88 /* normal_electric_consumption.swift in Sources */,
				0819D1BF2301D87200C91B5C /* setup_data.swift in Sources */,
				0876737A231A8F680086B33B /* label_height.swift in Sources */,
				086F552322E4CA9A0042CFD7 /* HistoryElectricityConsumptionVC.swift in Sources */,
				086F551F22E4CA9A0042CFD7 /* AppDelegate.swift in Sources */,
				08FC91E222EB5C74002DABBF /* StartupVC.swift in Sources */,
				086B1AF622F46574005417C5 /* Amount saved.swift in Sources */,
				08C340BA22E77500008D9ED6 /* compare_house_consumption_to_houses_with_same_postal_code.swift in Sources */,
				087843D522E4D23800988CE9 /* HouseDetails.swift in Sources */,
				0819D1BD2300CCE900C91B5C /* Global parameters.swift in Sources */,
				0819D1F4230ABB9A00C91B5C /* SocialVC.swift in Sources */,
				0889F0512322EAF8006B776E /* SettingsVC.swift in Sources */,
				0819D1F7230B140600C91B5C /* Kinds of Achievements.swift in Sources */,
				08359D6722EB5A5100468B88 /* HouseType.swift in Sources */,
				0819D1C12301D9A700C91B5C /* History object.swift in Sources */,
				087843D122E4D14F00988CE9 /* read_user_information.swift in Sources */,
				08FC91EA22EB6EB6002DABBF /* create_alert_view.swift in Sources */,
				08FC91E422EB60FE002DABBF /* make_button_inverted.swift in Sources */,
				08FC91E822EB6A75002DABBF /* fading_animations.swift in Sources */,
				08FC91E622EB6615002DABBF /* UserDefaults keys.swift in Sources */,
				086F552122E4CA9A0042CFD7 /* HomeScreenVC.swift in Sources */,
				083DEC0722EE065C00488A88 /* String extension.swift in Sources */,
			);
			runOnlyForDeploymentPostprocessing = 0;
		};
		086F552D22E4CA9B0042CFD7 /* Sources */ = {
			isa = PBXSourcesBuildPhase;
			buildActionMask = 2147483647;
			files = (
				087843D622E4D23800988CE9 /* HouseDetails.swift in Sources */,
				087843D222E4D14F00988CE9 /* read_user_information.swift in Sources */,
				086F553622E4CA9B0042CFD7 /* NudgedTests.swift in Sources */,
			);
			runOnlyForDeploymentPostprocessing = 0;
		};
/* End PBXSourcesBuildPhase section */

/* Begin PBXTargetDependency section */
		086F553322E4CA9B0042CFD7 /* PBXTargetDependency */ = {
			isa = PBXTargetDependency;
			target = 086F551A22E4CA9A0042CFD7 /* Nudged */;
			targetProxy = 086F553222E4CA9B0042CFD7 /* PBXContainerItemProxy */;
		};
/* End PBXTargetDependency section */

/* Begin PBXVariantGroup section */
		086F552422E4CA9A0042CFD7 /* Main.storyboard */ = {
			isa = PBXVariantGroup;
			children = (
				086F552522E4CA9A0042CFD7 /* Base */,
			);
			name = Main.storyboard;
			sourceTree = "<group>";
		};
		086F552922E4CA9B0042CFD7 /* LaunchScreen.storyboard */ = {
			isa = PBXVariantGroup;
			children = (
				086F552A22E4CA9B0042CFD7 /* Base */,
			);
			name = LaunchScreen.storyboard;
			sourceTree = "<group>";
		};
/* End PBXVariantGroup section */

/* Begin XCBuildConfiguration section */
		086F553822E4CA9B0042CFD7 /* Debug */ = {
			isa = XCBuildConfiguration;
			buildSettings = {
				ALWAYS_SEARCH_USER_PATHS = NO;
				CLANG_ANALYZER_NONNULL = YES;
				CLANG_ANALYZER_NUMBER_OBJECT_CONVERSION = YES_AGGRESSIVE;
				CLANG_CXX_LANGUAGE_STANDARD = "gnu++14";
				CLANG_CXX_LIBRARY = "libc++";
				CLANG_ENABLE_MODULES = YES;
				CLANG_ENABLE_OBJC_ARC = YES;
				CLANG_ENABLE_OBJC_WEAK = YES;
				CLANG_WARN_BLOCK_CAPTURE_AUTORELEASING = YES;
				CLANG_WARN_BOOL_CONVERSION = YES;
				CLANG_WARN_COMMA = YES;
				CLANG_WARN_CONSTANT_CONVERSION = YES;
				CLANG_WARN_DEPRECATED_OBJC_IMPLEMENTATIONS = YES;
				CLANG_WARN_DIRECT_OBJC_ISA_USAGE = YES_ERROR;
				CLANG_WARN_DOCUMENTATION_COMMENTS = YES;
				CLANG_WARN_EMPTY_BODY = YES;
				CLANG_WARN_ENUM_CONVERSION = YES;
				CLANG_WARN_INFINITE_RECURSION = YES;
				CLANG_WARN_INT_CONVERSION = YES;
				CLANG_WARN_NON_LITERAL_NULL_CONVERSION = YES;
				CLANG_WARN_OBJC_IMPLICIT_RETAIN_SELF = YES;
				CLANG_WARN_OBJC_LITERAL_CONVERSION = YES;
				CLANG_WARN_OBJC_ROOT_CLASS = YES_ERROR;
				CLANG_WARN_RANGE_LOOP_ANALYSIS = YES;
				CLANG_WARN_STRICT_PROTOTYPES = YES;
				CLANG_WARN_SUSPICIOUS_MOVE = YES;
				CLANG_WARN_UNGUARDED_AVAILABILITY = YES_AGGRESSIVE;
				CLANG_WARN_UNREACHABLE_CODE = YES;
				CLANG_WARN__DUPLICATE_METHOD_MATCH = YES;
				CODE_SIGN_IDENTITY = "iPhone Developer";
				COPY_PHASE_STRIP = NO;
				DEBUG_INFORMATION_FORMAT = dwarf;
				ENABLE_STRICT_OBJC_MSGSEND = YES;
				ENABLE_TESTABILITY = YES;
				GCC_C_LANGUAGE_STANDARD = gnu11;
				GCC_DYNAMIC_NO_PIC = NO;
				GCC_NO_COMMON_BLOCKS = YES;
				GCC_OPTIMIZATION_LEVEL = 0;
				GCC_PREPROCESSOR_DEFINITIONS = (
					"DEBUG=1",
					"$(inherited)",
				);
				GCC_WARN_64_TO_32_BIT_CONVERSION = YES;
				GCC_WARN_ABOUT_RETURN_TYPE = YES_ERROR;
				GCC_WARN_UNDECLARED_SELECTOR = YES;
				GCC_WARN_UNINITIALIZED_AUTOS = YES_AGGRESSIVE;
				GCC_WARN_UNUSED_FUNCTION = YES;
				GCC_WARN_UNUSED_VARIABLE = YES;
				IPHONEOS_DEPLOYMENT_TARGET = 12.2;
				MTL_ENABLE_DEBUG_INFO = INCLUDE_SOURCE;
				MTL_FAST_MATH = YES;
				ONLY_ACTIVE_ARCH = YES;
				SDKROOT = iphoneos;
				SWIFT_ACTIVE_COMPILATION_CONDITIONS = DEBUG;
				SWIFT_OPTIMIZATION_LEVEL = "-Onone";
			};
			name = Debug;
		};
		086F553922E4CA9B0042CFD7 /* Release */ = {
			isa = XCBuildConfiguration;
			buildSettings = {
				ALWAYS_SEARCH_USER_PATHS = NO;
				CLANG_ANALYZER_NONNULL = YES;
				CLANG_ANALYZER_NUMBER_OBJECT_CONVERSION = YES_AGGRESSIVE;
				CLANG_CXX_LANGUAGE_STANDARD = "gnu++14";
				CLANG_CXX_LIBRARY = "libc++";
				CLANG_ENABLE_MODULES = YES;
				CLANG_ENABLE_OBJC_ARC = YES;
				CLANG_ENABLE_OBJC_WEAK = YES;
				CLANG_WARN_BLOCK_CAPTURE_AUTORELEASING = YES;
				CLANG_WARN_BOOL_CONVERSION = YES;
				CLANG_WARN_COMMA = YES;
				CLANG_WARN_CONSTANT_CONVERSION = YES;
				CLANG_WARN_DEPRECATED_OBJC_IMPLEMENTATIONS = YES;
				CLANG_WARN_DIRECT_OBJC_ISA_USAGE = YES_ERROR;
				CLANG_WARN_DOCUMENTATION_COMMENTS = YES;
				CLANG_WARN_EMPTY_BODY = YES;
				CLANG_WARN_ENUM_CONVERSION = YES;
				CLANG_WARN_INFINITE_RECURSION = YES;
				CLANG_WARN_INT_CONVERSION = YES;
				CLANG_WARN_NON_LITERAL_NULL_CONVERSION = YES;
				CLANG_WARN_OBJC_IMPLICIT_RETAIN_SELF = YES;
				CLANG_WARN_OBJC_LITERAL_CONVERSION = YES;
				CLANG_WARN_OBJC_ROOT_CLASS = YES_ERROR;
				CLANG_WARN_RANGE_LOOP_ANALYSIS = YES;
				CLANG_WARN_STRICT_PROTOTYPES = YES;
				CLANG_WARN_SUSPICIOUS_MOVE = YES;
				CLANG_WARN_UNGUARDED_AVAILABILITY = YES_AGGRESSIVE;
				CLANG_WARN_UNREACHABLE_CODE = YES;
				CLANG_WARN__DUPLICATE_METHOD_MATCH = YES;
				CODE_SIGN_IDENTITY = "iPhone Developer";
				COPY_PHASE_STRIP = NO;
				DEBUG_INFORMATION_FORMAT = "dwarf-with-dsym";
				ENABLE_NS_ASSERTIONS = NO;
				ENABLE_STRICT_OBJC_MSGSEND = YES;
				GCC_C_LANGUAGE_STANDARD = gnu11;
				GCC_NO_COMMON_BLOCKS = YES;
				GCC_WARN_64_TO_32_BIT_CONVERSION = YES;
				GCC_WARN_ABOUT_RETURN_TYPE = YES_ERROR;
				GCC_WARN_UNDECLARED_SELECTOR = YES;
				GCC_WARN_UNINITIALIZED_AUTOS = YES_AGGRESSIVE;
				GCC_WARN_UNUSED_FUNCTION = YES;
				GCC_WARN_UNUSED_VARIABLE = YES;
				IPHONEOS_DEPLOYMENT_TARGET = 12.2;
				MTL_ENABLE_DEBUG_INFO = NO;
				MTL_FAST_MATH = YES;
				SDKROOT = iphoneos;
				SWIFT_COMPILATION_MODE = wholemodule;
				SWIFT_OPTIMIZATION_LEVEL = "-O";
				VALIDATE_PRODUCT = YES;
			};
			name = Release;
		};
		086F553B22E4CA9B0042CFD7 /* Debug */ = {
			isa = XCBuildConfiguration;
			baseConfigurationReference = BE3E0577BF8BF2D7E77DD23E /* Pods-Nudged.debug.xcconfig */;
			buildSettings = {
				ASSETCATALOG_COMPILER_APPICON_NAME = AppIcon;
				CODE_SIGN_STYLE = Automatic;
				DEVELOPMENT_TEAM = W445EX6ZVB;
				INFOPLIST_FILE = "$(SRCROOT)/Nudged/iOS/Info.plist";
				LD_RUNPATH_SEARCH_PATHS = (
					"$(inherited)",
					"@executable_path/Frameworks",
				);
				PRODUCT_BUNDLE_IDENTIFIER = com.nudged.Nudged;
				PRODUCT_NAME = "$(TARGET_NAME)";
				SWIFT_VERSION = 5.0;
				TARGETED_DEVICE_FAMILY = 1;
			};
			name = Debug;
		};
		086F553C22E4CA9B0042CFD7 /* Release */ = {
			isa = XCBuildConfiguration;
			baseConfigurationReference = D2799A5F0D204AB18286AB91 /* Pods-Nudged.release.xcconfig */;
			buildSettings = {
				ASSETCATALOG_COMPILER_APPICON_NAME = AppIcon;
				CODE_SIGN_STYLE = Automatic;
				DEVELOPMENT_TEAM = W445EX6ZVB;
				INFOPLIST_FILE = "$(SRCROOT)/Nudged/iOS/Info.plist";
				LD_RUNPATH_SEARCH_PATHS = (
					"$(inherited)",
					"@executable_path/Frameworks",
				);
				PRODUCT_BUNDLE_IDENTIFIER = com.nudged.Nudged;
				PRODUCT_NAME = "$(TARGET_NAME)";
				SWIFT_VERSION = 5.0;
				TARGETED_DEVICE_FAMILY = 1;
			};
			name = Release;
		};
		086F553E22E4CA9B0042CFD7 /* Debug */ = {
			isa = XCBuildConfiguration;
			buildSettings = {
				ALWAYS_EMBED_SWIFT_STANDARD_LIBRARIES = YES;
				BUNDLE_LOADER = "$(TEST_HOST)";
				CODE_SIGN_STYLE = Automatic;
				DEVELOPMENT_TEAM = W445EX6ZVB;
				INFOPLIST_FILE = NudgedTests/Info.plist;
				LD_RUNPATH_SEARCH_PATHS = (
					"$(inherited)",
					"@executable_path/Frameworks",
					"@loader_path/Frameworks",
				);
				PRODUCT_BUNDLE_IDENTIFIER = com.alexandregaubil.NudgedTests;
				PRODUCT_NAME = "$(TARGET_NAME)";
				SWIFT_VERSION = 5.0;
				TARGETED_DEVICE_FAMILY = "1,2";
				TEST_HOST = "$(BUILT_PRODUCTS_DIR)/Nudged.app/Nudged";
			};
			name = Debug;
		};
		086F553F22E4CA9B0042CFD7 /* Release */ = {
			isa = XCBuildConfiguration;
			buildSettings = {
				ALWAYS_EMBED_SWIFT_STANDARD_LIBRARIES = YES;
				BUNDLE_LOADER = "$(TEST_HOST)";
				CODE_SIGN_STYLE = Automatic;
				DEVELOPMENT_TEAM = W445EX6ZVB;
				INFOPLIST_FILE = NudgedTests/Info.plist;
				LD_RUNPATH_SEARCH_PATHS = (
					"$(inherited)",
					"@executable_path/Frameworks",
					"@loader_path/Frameworks",
				);
				PRODUCT_BUNDLE_IDENTIFIER = com.alexandregaubil.NudgedTests;
				PRODUCT_NAME = "$(TARGET_NAME)";
				SWIFT_VERSION = 5.0;
				TARGETED_DEVICE_FAMILY = "1,2";
				TEST_HOST = "$(BUILT_PRODUCTS_DIR)/Nudged.app/Nudged";
			};
			name = Release;
		};
/* End XCBuildConfiguration section */

/* Begin XCConfigurationList section */
		086F551622E4CA9A0042CFD7 /* Build configuration list for PBXProject "Nudged" */ = {
			isa = XCConfigurationList;
			buildConfigurations = (
				086F553822E4CA9B0042CFD7 /* Debug */,
				086F553922E4CA9B0042CFD7 /* Release */,
			);
			defaultConfigurationIsVisible = 0;
			defaultConfigurationName = Release;
		};
		086F553A22E4CA9B0042CFD7 /* Build configuration list for PBXNativeTarget "Nudged" */ = {
			isa = XCConfigurationList;
			buildConfigurations = (
				086F553B22E4CA9B0042CFD7 /* Debug */,
				086F553C22E4CA9B0042CFD7 /* Release */,
			);
			defaultConfigurationIsVisible = 0;
			defaultConfigurationName = Release;
		};
		086F553D22E4CA9B0042CFD7 /* Build configuration list for PBXNativeTarget "NudgedTests" */ = {
			isa = XCConfigurationList;
			buildConfigurations = (
				086F553E22E4CA9B0042CFD7 /* Debug */,
				086F553F22E4CA9B0042CFD7 /* Release */,
			);
			defaultConfigurationIsVisible = 0;
			defaultConfigurationName = Release;
		};
/* End XCConfigurationList section */
	};
	rootObject = 086F551322E4CA9A0042CFD7 /* Project object */;
}
