// !$*UTF8*$!
{
	archiveVersion = 1;
	classes = {
	};
	objectVersion = 50;
	objects = {

/* Begin PBXBuildFile section */
		086F551F22E4CA9A0042CFD7 /* AppDelegate.swift in Sources */ = {isa = PBXBuildFile; fileRef = 086F551E22E4CA9A0042CFD7 /* AppDelegate.swift */; };
		086F552122E4CA9A0042CFD7 /* FirstViewController.swift in Sources */ = {isa = PBXBuildFile; fileRef = 086F552022E4CA9A0042CFD7 /* FirstViewController.swift */; };
		086F552322E4CA9A0042CFD7 /* SecondViewController.swift in Sources */ = {isa = PBXBuildFile; fileRef = 086F552222E4CA9A0042CFD7 /* SecondViewController.swift */; };
		086F552622E4CA9A0042CFD7 /* Main.storyboard in Resources */ = {isa = PBXBuildFile; fileRef = 086F552422E4CA9A0042CFD7 /* Main.storyboard */; };
		086F552822E4CA9B0042CFD7 /* Assets.xcassets in Resources */ = {isa = PBXBuildFile; fileRef = 086F552722E4CA9B0042CFD7 /* Assets.xcassets */; };
		086F552B22E4CA9B0042CFD7 /* LaunchScreen.storyboard in Resources */ = {isa = PBXBuildFile; fileRef = 086F552922E4CA9B0042CFD7 /* LaunchScreen.storyboard */; };
		086F553622E4CA9B0042CFD7 /* NudgedTests.swift in Sources */ = {isa = PBXBuildFile; fileRef = 086F553522E4CA9B0042CFD7 /* NudgedTests.swift */; };
/* End PBXBuildFile section */

/* Begin PBXContainerItemProxy section */
		086F553222E4CA9B0042CFD7 /* PBXContainerItemProxy */ = {
			isa = PBXContainerItemProxy;
			containerPortal = 086F551322E4CA9A0042CFD7 /* Project object */;
			proxyType = 1;
			remoteGlobalIDString = 086F551A22E4CA9A0042CFD7;
			remoteInfo = Nudged;
		};
/* End PBXContainerItemProxy section */

/* Begin PBXFileReference section */
		086F551B22E4CA9A0042CFD7 /* Nudged.app */ = {isa = PBXFileReference; explicitFileType = wrapper.application; includeInIndex = 0; path = Nudged.app; sourceTree = BUILT_PRODUCTS_DIR; };
		086F551E22E4CA9A0042CFD7 /* AppDelegate.swift */ = {isa = PBXFileReference; lastKnownFileType = sourcecode.swift; path = AppDelegate.swift; sourceTree = "<group>"; };
		086F552022E4CA9A0042CFD7 /* FirstViewController.swift */ = {isa = PBXFileReference; lastKnownFileType = sourcecode.swift; path = FirstViewController.swift; sourceTree = "<group>"; };
		086F552222E4CA9A0042CFD7 /* SecondViewController.swift */ = {isa = PBXFileReference; lastKnownFileType = sourcecode.swift; path = SecondViewController.swift; sourceTree = "<group>"; };
		086F552522E4CA9A0042CFD7 /* Base */ = {isa = PBXFileReference; lastKnownFileType = file.storyboard; name = Base; path = Base.lproj/Main.storyboard; sourceTree = "<group>"; };
		086F552722E4CA9B0042CFD7 /* Assets.xcassets */ = {isa = PBXFileReference; lastKnownFileType = folder.assetcatalog; path = Assets.xcassets; sourceTree = "<group>"; };
		086F552A22E4CA9B0042CFD7 /* Base */ = {isa = PBXFileReference; lastKnownFileType = file.storyboard; name = Base; path = Base.lproj/LaunchScreen.storyboard; sourceTree = "<group>"; };
		086F552C22E4CA9B0042CFD7 /* Info.plist */ = {isa = PBXFileReference; lastKnownFileType = text.plist.xml; path = Info.plist; sourceTree = "<group>"; };
		086F553122E4CA9B0042CFD7 /* NudgedTests.xctest */ = {isa = PBXFileReference; explicitFileType = wrapper.cfbundle; includeInIndex = 0; path = NudgedTests.xctest; sourceTree = BUILT_PRODUCTS_DIR; };
		086F553522E4CA9B0042CFD7 /* NudgedTests.swift */ = {isa = PBXFileReference; lastKnownFileType = sourcecode.swift; path = NudgedTests.swift; sourceTree = "<group>"; };
		086F553722E4CA9B0042CFD7 /* Info.plist */ = {isa = PBXFileReference; lastKnownFileType = text.plist.xml; path = Info.plist; sourceTree = "<group>"; };
/* End PBXFileReference section */

/* Begin PBXFrameworksBuildPhase section */
		086F551822E4CA9A0042CFD7 /* Frameworks */ = {
			isa = PBXFrameworksBuildPhase;
			buildActionMask = 2147483647;
			files = (
			);
			runOnlyForDeploymentPostprocessing = 0;
		};
		086F552E22E4CA9B0042CFD7 /* Frameworks */ = {
			isa = PBXFrameworksBuildPhase;
			buildActionMask = 2147483647;
			files = (
			);
			runOnlyForDeploymentPostprocessing = 0;
		};
/* End PBXFrameworksBuildPhase section */

/* Begin PBXGroup section */
		086F551222E4CA9A0042CFD7 = {
			isa = PBXGroup;
			children = (
				086F551D22E4CA9A0042CFD7 /* Nudged */,
				086F553422E4CA9B0042CFD7 /* NudgedTests */,
				086F551C22E4CA9A0042CFD7 /* Products */,
			);
			sourceTree = "<group>";
		};
		086F551C22E4CA9A0042CFD7 /* Products */ = {
			isa = PBXGroup;
			children = (
				086F551B22E4CA9A0042CFD7 /* Nudged.app */,
				086F553122E4CA9B0042CFD7 /* NudgedTests.xctest */,
			);
			name = Products;
			sourceTree = "<group>";
		};
		086F551D22E4CA9A0042CFD7 /* Nudged */ = {
			isa = PBXGroup;
			children = (
				086F551E22E4CA9A0042CFD7 /* AppDelegate.swift */,
				086F552022E4CA9A0042CFD7 /* FirstViewController.swift */,
				086F552222E4CA9A0042CFD7 /* SecondViewController.swift */,
				086F552422E4CA9A0042CFD7 /* Main.storyboard */,
				086F552722E4CA9B0042CFD7 /* Assets.xcassets */,
				086F552922E4CA9B0042CFD7 /* LaunchScreen.storyboard */,
				086F552C22E4CA9B0042CFD7 /* Info.plist */,
			);
			path = Nudged;
			sourceTree = "<group>";
		};
		086F553422E4CA9B0042CFD7 /* NudgedTests */ = {
			isa = PBXGroup;
			children = (
				086F553522E4CA9B0042CFD7 /* NudgedTests.swift */,
				086F553722E4CA9B0042CFD7 /* Info.plist */,
			);
			path = NudgedTests;
			sourceTree = "<group>";
		};
/* End PBXGroup section */

/* Begin PBXNativeTarget section */
		086F551A22E4CA9A0042CFD7 /* Nudged */ = {
			isa = PBXNativeTarget;
			buildConfigurationList = 086F553A22E4CA9B0042CFD7 /* Build configuration list for PBXNativeTarget "Nudged" */;
			buildPhases = (
				086F551722E4CA9A0042CFD7 /* Sources */,
				086F551822E4CA9A0042CFD7 /* Frameworks */,
				086F551922E4CA9A0042CFD7 /* Resources */,
			);
			buildRules = (
			);
			dependencies = (
			);
			name = Nudged;
			productName = Nudged;
			productReference = 086F551B22E4CA9A0042CFD7 /* Nudged.app */;
			productType = "com.apple.product-type.application";
		};
		086F553022E4CA9B0042CFD7 /* NudgedTests */ = {
			isa = PBXNativeTarget;
			buildConfigurationList = 086F553D22E4CA9B0042CFD7 /* Build configuration list for PBXNativeTarget "NudgedTests" */;
			buildPhases = (
				086F552D22E4CA9B0042CFD7 /* Sources */,
				086F552E22E4CA9B0042CFD7 /* Frameworks */,
				086F552F22E4CA9B0042CFD7 /* Resources */,
			);
			buildRules = (
			);
			dependencies = (
				086F553322E4CA9B0042CFD7 /* PBXTargetDependency */,
			);
			name = NudgedTests;
			productName = NudgedTests;
			productReference = 086F553122E4CA9B0042CFD7 /* NudgedTests.xctest */;
			productType = "com.apple.product-type.bundle.unit-test";
		};
/* End PBXNativeTarget section */

/* Begin PBXProject section */
		086F551322E4CA9A0042CFD7 /* Project object */ = {
			isa = PBXProject;
			attributes = {
				LastSwiftUpdateCheck = 1020;
				LastUpgradeCheck = 1020;
				ORGANIZATIONNAME = "Alexandre Gaubil";
				TargetAttributes = {
					086F551A22E4CA9A0042CFD7 = {
						CreatedOnToolsVersion = 10.2.1;
					};
					086F553022E4CA9B0042CFD7 = {
						CreatedOnToolsVersion = 10.2.1;
						TestTargetID = 086F551A22E4CA9A0042CFD7;
					};
				};
			};
			buildConfigurationList = 086F551622E4CA9A0042CFD7 /* Build configuration list for PBXProject "Nudged" */;
			compatibilityVersion = "Xcode 9.3";
			developmentRegion = en;
			hasScannedForEncodings = 0;
			knownRegions = (
				en,
				Base,
			);
			mainGroup = 086F551222E4CA9A0042CFD7;
			productRefGroup = 086F551C22E4CA9A0042CFD7 /* Products */;
			projectDirPath = "";
			projectRoot = "";
			targets = (
				086F551A22E4CA9A0042CFD7 /* Nudged */,
				086F553022E4CA9B0042CFD7 /* NudgedTests */,
			);
		};
/* End PBXProject section */

/* Begin PBXResourcesBuildPhase section */
		086F551922E4CA9A0042CFD7 /* Resources */ = {
			isa = PBXResourcesBuildPhase;
			buildActionMask = 2147483647;
			files = (
				086F552B22E4CA9B0042CFD7 /* LaunchScreen.storyboard in Resources */,
				086F552822E4CA9B0042CFD7 /* Assets.xcassets in Resources */,
				086F552622E4CA9A0042CFD7 /* Main.storyboard in Resources */,
			);
			runOnlyForDeploymentPostprocessing = 0;
		};
		086F552F22E4CA9B0042CFD7 /* Resources */ = {
			isa = PBXResourcesBuildPhase;
			buildActionMask = 2147483647;
			files = (
			);
			runOnlyForDeploymentPostprocessing = 0;
		};
/* End PBXResourcesBuildPhase section */

/* Begin PBXSourcesBuildPhase section */
		086F551722E4CA9A0042CFD7 /* Sources */ = {
			isa = PBXSourcesBuildPhase;
			buildActionMask = 2147483647;
			files = (
				086F552322E4CA9A0042CFD7 /* SecondViewController.swift in Sources */,
				086F551F22E4CA9A0042CFD7 /* AppDelegate.swift in Sources */,
				086F552122E4CA9A0042CFD7 /* FirstViewController.swift in Sources */,
			);
			runOnlyForDeploymentPostprocessing = 0;
		};
		086F552D22E4CA9B0042CFD7 /* Sources */ = {
			isa = PBXSourcesBuildPhase;
			buildActionMask = 2147483647;
			files = (
				086F553622E4CA9B0042CFD7 /* NudgedTests.swift in Sources */,
			);
			runOnlyForDeploymentPostprocessing = 0;
		};
/* End PBXSourcesBuildPhase section */

/* Begin PBXTargetDependency section */
		086F553322E4CA9B0042CFD7 /* PBXTargetDependency */ = {
			isa = PBXTargetDependency;
			target = 086F551A22E4CA9A0042CFD7 /* Nudged */;
			targetProxy = 086F553222E4CA9B0042CFD7 /* PBXContainerItemProxy */;
		};
/* End PBXTargetDependency section */

/* Begin PBXVariantGroup section */
		086F552422E4CA9A0042CFD7 /* Main.storyboard */ = {
			isa = PBXVariantGroup;
			children = (
				086F552522E4CA9A0042CFD7 /* Base */,
			);
			name = Main.storyboard;
			sourceTree = "<group>";
		};
		086F552922E4CA9B0042CFD7 /* LaunchScreen.storyboard */ = {
			isa = PBXVariantGroup;
			children = (
				086F552A22E4CA9B0042CFD7 /* Base */,
			);
			name = LaunchScreen.storyboard;
			sourceTree = "<group>";
		};
/* End PBXVariantGroup section */

/* Begin XCBuildConfiguration section */
		086F553822E4CA9B0042CFD7 /* Debug */ = {
			isa = XCBuildConfiguration;
			buildSettings = {
				ALWAYS_SEARCH_USER_PATHS = NO;
				CLANG_ANALYZER_NONNULL = YES;
				CLANG_ANALYZER_NUMBER_OBJECT_CONVERSION = YES_AGGRESSIVE;
				CLANG_CXX_LANGUAGE_STANDARD = "gnu++14";
				CLANG_CXX_LIBRARY = "libc++";
				CLANG_ENABLE_MODULES = YES;
				CLANG_ENABLE_OBJC_ARC = YES;
				CLANG_ENABLE_OBJC_WEAK = YES;
				CLANG_WARN_BLOCK_CAPTURE_AUTORELEASING = YES;
				CLANG_WARN_BOOL_CONVERSION = YES;
				CLANG_WARN_COMMA = YES;
				CLANG_WARN_CONSTANT_CONVERSION = YES;
				CLANG_WARN_DEPRECATED_OBJC_IMPLEMENTATIONS = YES;
				CLANG_WARN_DIRECT_OBJC_ISA_USAGE = YES_ERROR;
				CLANG_WARN_DOCUMENTATION_COMMENTS = YES;
				CLANG_WARN_EMPTY_BODY = YES;
				CLANG_WARN_ENUM_CONVERSION = YES;
				CLANG_WARN_INFINITE_RECURSION = YES;
				CLANG_WARN_INT_CONVERSION = YES;
				CLANG_WARN_NON_LITERAL_NULL_CONVERSION = YES;
				CLANG_WARN_OBJC_IMPLICIT_RETAIN_SELF = YES;
				CLANG_WARN_OBJC_LITERAL_CONVERSION = YES;
				CLANG_WARN_OBJC_ROOT_CLASS = YES_ERROR;
				CLANG_WARN_RANGE_LOOP_ANALYSIS = YES;
				CLANG_WARN_STRICT_PROTOTYPES = YES;
				CLANG_WARN_SUSPICIOUS_MOVE = YES;
				CLANG_WARN_UNGUARDED_AVAILABILITY = YES_AGGRESSIVE;
				CLANG_WARN_UNREACHABLE_CODE = YES;
				CLANG_WARN__DUPLICATE_METHOD_MATCH = YES;
				CODE_SIGN_IDENTITY = "iPhone Developer";
				COPY_PHASE_STRIP = NO;
				DEBUG_INFORMATION_FORMAT = dwarf;
				ENABLE_STRICT_OBJC_MSGSEND = YES;
				ENABLE_TESTABILITY = YES;
				GCC_C_LANGUAGE_STANDARD = gnu11;
				GCC_DYNAMIC_NO_PIC = NO;
				GCC_NO_COMMON_BLOCKS = YES;
				GCC_OPTIMIZATION_LEVEL = 0;
				GCC_PREPROCESSOR_DEFINITIONS = (
					"DEBUG=1",
					"$(inherited)",
				);
				GCC_WARN_64_TO_32_BIT_CONVERSION = YES;
				GCC_WARN_ABOUT_RETURN_TYPE = YES_ERROR;
				GCC_WARN_UNDECLARED_SELECTOR = YES;
				GCC_WARN_UNINITIALIZED_AUTOS = YES_AGGRESSIVE;
				GCC_WARN_UNUSED_FUNCTION = YES;
				GCC_WARN_UNUSED_VARIABLE = YES;
				IPHONEOS_DEPLOYMENT_TARGET = 12.2;
				MTL_ENABLE_DEBUG_INFO = INCLUDE_SOURCE;
				MTL_FAST_MATH = YES;
				ONLY_ACTIVE_ARCH = YES;
				SDKROOT = iphoneos;
				SWIFT_ACTIVE_COMPILATION_CONDITIONS = DEBUG;
				SWIFT_OPTIMIZATION_LEVEL = "-Onone";
			};
			name = Debug;
		};
		086F553922E4CA9B0042CFD7 /* Release */ = {
			isa = XCBuildConfiguration;
			buildSettings = {
				ALWAYS_SEARCH_USER_PATHS = NO;
				CLANG_ANALYZER_NONNULL = YES;
				CLANG_ANALYZER_NUMBER_OBJECT_CONVERSION = YES_AGGRESSIVE;
				CLANG_CXX_LANGUAGE_STANDARD = "gnu++14";
				CLANG_CXX_LIBRARY = "libc++";
				CLANG_ENABLE_MODULES = YES;
				CLANG_ENABLE_OBJC_ARC = YES;
				CLANG_ENABLE_OBJC_WEAK = YES;
				CLANG_WARN_BLOCK_CAPTURE_AUTORELEASING = YES;
				CLANG_WARN_BOOL_CONVERSION = YES;
				CLANG_WARN_COMMA = YES;
				CLANG_WARN_CONSTANT_CONVERSION = YES;
				CLANG_WARN_DEPRECATED_OBJC_IMPLEMENTATIONS = YES;
				CLANG_WARN_DIRECT_OBJC_ISA_USAGE = YES_ERROR;
				CLANG_WARN_DOCUMENTATION_COMMENTS = YES;
				CLANG_WARN_EMPTY_BODY = YES;
				CLANG_WARN_ENUM_CONVERSION = YES;
				CLANG_WARN_INFINITE_RECURSION = YES;
				CLANG_WARN_INT_CONVERSION = YES;
				CLANG_WARN_NON_LITERAL_NULL_CONVERSION = YES;
				CLANG_WARN_OBJC_IMPLICIT_RETAIN_SELF = YES;
				CLANG_WARN_OBJC_LITERAL_CONVERSION = YES;
				CLANG_WARN_OBJC_ROOT_CLASS = YES_ERROR;
				CLANG_WARN_RANGE_LOOP_ANALYSIS = YES;
				CLANG_WARN_STRICT_PROTOTYPES = YES;
				CLANG_WARN_SUSPICIOUS_MOVE = YES;
				CLANG_WARN_UNGUARDED_AVAILABILITY = YES_AGGRESSIVE;
				CLANG_WARN_UNREACHABLE_CODE = YES;
				CLANG_WARN__DUPLICATE_METHOD_MATCH = YES;
				CODE_SIGN_IDENTITY = "iPhone Developer";
				COPY_PHASE_STRIP = NO;
				DEBUG_INFORMATION_FORMAT = "dwarf-with-dsym";
				ENABLE_NS_ASSERTIONS = NO;
				ENABLE_STRICT_OBJC_MSGSEND = YES;
				GCC_C_LANGUAGE_STANDARD = gnu11;
				GCC_NO_COMMON_BLOCKS = YES;
				GCC_WARN_64_TO_32_BIT_CONVERSION = YES;
				GCC_WARN_ABOUT_RETURN_TYPE = YES_ERROR;
				GCC_WARN_UNDECLARED_SELECTOR = YES;
				GCC_WARN_UNINITIALIZED_AUTOS = YES_AGGRESSIVE;
				GCC_WARN_UNUSED_FUNCTION = YES;
				GCC_WARN_UNUSED_VARIABLE = YES;
				IPHONEOS_DEPLOYMENT_TARGET = 12.2;
				MTL_ENABLE_DEBUG_INFO = NO;
				MTL_FAST_MATH = YES;
				SDKROOT = iphoneos;
				SWIFT_COMPILATION_MODE = wholemodule;
				SWIFT_OPTIMIZATION_LEVEL = "-O";
				VALIDATE_PRODUCT = YES;
			};
			name = Release;
		};
		086F553B22E4CA9B0042CFD7 /* Debug */ = {
			isa = XCBuildConfiguration;
			buildSettings = {
				ASSETCATALOG_COMPILER_APPICON_NAME = AppIcon;
				CODE_SIGN_STYLE = Automatic;
				DEVELOPMENT_TEAM = W445EX6ZVB;
				INFOPLIST_FILE = Nudged/Info.plist;
				LD_RUNPATH_SEARCH_PATHS = (
					"$(inherited)",
					"@executable_path/Frameworks",
				);
				PRODUCT_BUNDLE_IDENTIFIER = com.alexandregaubil.Nudged;
				PRODUCT_NAME = "$(TARGET_NAME)";
				SWIFT_VERSION = 5.0;
				TARGETED_DEVICE_FAMILY = "1,2";
			};
			name = Debug;
		};
		086F553C22E4CA9B0042CFD7 /* Release */ = {
			isa = XCBuildConfiguration;
			buildSettings = {
				ASSETCATALOG_COMPILER_APPICON_NAME = AppIcon;
				CODE_SIGN_STYLE = Automatic;
				DEVELOPMENT_TEAM = W445EX6ZVB;
				INFOPLIST_FILE = Nudged/Info.plist;
				LD_RUNPATH_SEARCH_PATHS = (
					"$(inherited)",
					"@executable_path/Frameworks",
				);
				PRODUCT_BUNDLE_IDENTIFIER = com.alexandregaubil.Nudged;
				PRODUCT_NAME = "$(TARGET_NAME)";
				SWIFT_VERSION = 5.0;
				TARGETED_DEVICE_FAMILY = "1,2";
			};
			name = Release;
		};
		086F553E22E4CA9B0042CFD7 /* Debug */ = {
			isa = XCBuildConfiguration;
			buildSettings = {
				ALWAYS_EMBED_SWIFT_STANDARD_LIBRARIES = YES;
				BUNDLE_LOADER = "$(TEST_HOST)";
				CODE_SIGN_STYLE = Automatic;
				DEVELOPMENT_TEAM = W445EX6ZVB;
				INFOPLIST_FILE = NudgedTests/Info.plist;
				LD_RUNPATH_SEARCH_PATHS = (
					"$(inherited)",
					"@executable_path/Frameworks",
					"@loader_path/Frameworks",
				);
				PRODUCT_BUNDLE_IDENTIFIER = com.alexandregaubil.NudgedTests;
				PRODUCT_NAME = "$(TARGET_NAME)";
				SWIFT_VERSION = 5.0;
				TARGETED_DEVICE_FAMILY = "1,2";
				TEST_HOST = "$(BUILT_PRODUCTS_DIR)/Nudged.app/Nudged";
			};
			name = Debug;
		};
		086F553F22E4CA9B0042CFD7 /* Release */ = {
			isa = XCBuildConfiguration;
			buildSettings = {
				ALWAYS_EMBED_SWIFT_STANDARD_LIBRARIES = YES;
				BUNDLE_LOADER = "$(TEST_HOST)";
				CODE_SIGN_STYLE = Automatic;
				DEVELOPMENT_TEAM = W445EX6ZVB;
				INFOPLIST_FILE = NudgedTests/Info.plist;
				LD_RUNPATH_SEARCH_PATHS = (
					"$(inherited)",
					"@executable_path/Frameworks",
					"@loader_path/Frameworks",
				);
				PRODUCT_BUNDLE_IDENTIFIER = com.alexandregaubil.NudgedTests;
				PRODUCT_NAME = "$(TARGET_NAME)";
				SWIFT_VERSION = 5.0;
				TARGETED_DEVICE_FAMILY = "1,2";
				TEST_HOST = "$(BUILT_PRODUCTS_DIR)/Nudged.app/Nudged";
			};
			name = Release;
		};
/* End XCBuildConfiguration section */

/* Begin XCConfigurationList section */
		086F551622E4CA9A0042CFD7 /* Build configuration list for PBXProject "Nudged" */ = {
			isa = XCConfigurationList;
			buildConfigurations = (
				086F553822E4CA9B0042CFD7 /* Debug */,
				086F553922E4CA9B0042CFD7 /* Release */,
			);
			defaultConfigurationIsVisible = 0;
			defaultConfigurationName = Release;
		};
		086F553A22E4CA9B0042CFD7 /* Build configuration list for PBXNativeTarget "Nudged" */ = {
			isa = XCConfigurationList;
			buildConfigurations = (
				086F553B22E4CA9B0042CFD7 /* Debug */,
				086F553C22E4CA9B0042CFD7 /* Release */,
			);
			defaultConfigurationIsVisible = 0;
			defaultConfigurationName = Release;
		};
		086F553D22E4CA9B0042CFD7 /* Build configuration list for PBXNativeTarget "NudgedTests" */ = {
			isa = XCConfigurationList;
			buildConfigurations = (
				086F553E22E4CA9B0042CFD7 /* Debug */,
				086F553F22E4CA9B0042CFD7 /* Release */,
			);
			defaultConfigurationIsVisible = 0;
			defaultConfigurationName = Release;
		};
/* End XCConfigurationList section */
	};
	rootObject = 086F551322E4CA9A0042CFD7 /* Project object */;
}
